// !$*UTF8*$!
{
	archiveVersion = 1;
	classes = {
	};
	objectVersion = 46;
	objects = {

/* Begin PBXBuildFile section */
		0405084416A78C64005B0308 /* CoreMotion.framework in Frameworks */ = {isa = PBXBuildFile; fileRef = 0405084316A78C64005B0308 /* CoreMotion.framework */; };
		0431B54C16ADFF9700DE73E6 /* CameraSensor.m in Sources */ = {isa = PBXBuildFile; fileRef = 0431B52B16ADFF9700DE73E6 /* CameraSensor.m */; };
		0431B55116ADFF9700DE73E6 /* QRCodeSensor.mm in Sources */ = {isa = PBXBuildFile; fileRef = 0431B53A16ADFF9700DE73E6 /* QRCodeSensor.mm */; };
		0431B55216ADFF9700DE73E6 /* STError.m in Sources */ = {isa = PBXBuildFile; fileRef = 0431B53F16ADFF9700DE73E6 /* STError.m */; };
		0431B55316ADFF9700DE73E6 /* STSensor.m in Sources */ = {isa = PBXBuildFile; fileRef = 0431B54116ADFF9700DE73E6 /* STSensor.m */; };
		0431B55416ADFF9700DE73E6 /* STCSensorFactory.m in Sources */ = {isa = PBXBuildFile; fileRef = 0431B54316ADFF9700DE73E6 /* STCSensorFactory.m */; };
		0431B55516ADFF9700DE73E6 /* STCSensorConfig.m in Sources */ = {isa = PBXBuildFile; fileRef = 0431B54716ADFF9700DE73E6 /* STCSensorConfig.m */; };
		0431B55616ADFF9700DE73E6 /* STCSensorCallModel.m in Sources */ = {isa = PBXBuildFile; fileRef = 0431B54916ADFF9700DE73E6 /* STCSensorCallModel.m */; };
		0431B55716ADFF9700DE73E6 /* STCSensorCallParser.m in Sources */ = {isa = PBXBuildFile; fileRef = 0431B54B16ADFF9700DE73E6 /* STCSensorCallParser.m */; };
		0431B55916ADFFB200DE73E6 /* STSensorConfig.plist in Resources */ = {isa = PBXBuildFile; fileRef = 0431B55816ADFFB200DE73E6 /* STSensorConfig.plist */; };
		0431B56516AE022400DE73E6 /* GHMenuCell.m in Sources */ = {isa = PBXBuildFile; fileRef = 0431B55D16AE022400DE73E6 /* GHMenuCell.m */; };
		0431B56616AE022400DE73E6 /* GHMenuViewController.m in Sources */ = {isa = PBXBuildFile; fileRef = 0431B55F16AE022400DE73E6 /* GHMenuViewController.m */; };
		0431B56716AE022400DE73E6 /* GHRevealViewController.m in Sources */ = {isa = PBXBuildFile; fileRef = 0431B56116AE022400DE73E6 /* GHRevealViewController.m */; };
		0431B56A16AE02D600DE73E6 /* QuartzCore.framework in Frameworks */ = {isa = PBXBuildFile; fileRef = 0431B56916AE02D600DE73E6 /* QuartzCore.framework */; };
		0431B57116AE0D3600DE73E6 /* 32-iphone.png in Resources */ = {isa = PBXBuildFile; fileRef = 0431B56C16AE0D3600DE73E6 /* 32-iphone.png */; };
		0431B57216AE0D3600DE73E6 /* searchBarBG.png in Resources */ = {isa = PBXBuildFile; fileRef = 0431B56D16AE0D3600DE73E6 /* searchBarBG.png */; };
		0431B57316AE0D3600DE73E6 /* searchBarIcon.png in Resources */ = {isa = PBXBuildFile; fileRef = 0431B56E16AE0D3600DE73E6 /* searchBarIcon.png */; };
		0431B57416AE0D3600DE73E6 /* searchBarIcon@2x.png in Resources */ = {isa = PBXBuildFile; fileRef = 0431B56F16AE0D3600DE73E6 /* searchBarIcon@2x.png */; };
		0431B57516AE0D3600DE73E6 /* searchTextBG.png in Resources */ = {isa = PBXBuildFile; fileRef = 0431B57016AE0D3600DE73E6 /* searchTextBG.png */; };
		04483A3E16E7F5D100B0EFBF /* MBProgressHUD+Utility.m in Sources */ = {isa = PBXBuildFile; fileRef = 04483A3D16E7F5D100B0EFBF /* MBProgressHUD+Utility.m */; };
		044EF66F16B367F80099A862 /* MBProgressHUD.m in Sources */ = {isa = PBXBuildFile; fileRef = 044EF66E16B367F80099A862 /* MBProgressHUD.m */; };
		044EF67116B371660099A862 /* 37x-Checkmark.png in Resources */ = {isa = PBXBuildFile; fileRef = 044EF67016B371660099A862 /* 37x-Checkmark.png */; };
		046F821716DEC7980030D813 /* SCSettingViewController.m in Sources */ = {isa = PBXBuildFile; fileRef = 046F821616DEC7980030D813 /* SCSettingViewController.m */; };
		047963DF16B1167800DC4E85 /* Icon.png in Resources */ = {isa = PBXBuildFile; fileRef = 047963DE16B1167800DC4E85 /* Icon.png */; };
		047963E116B1183600DC4E85 /* Icon@2x.png in Resources */ = {isa = PBXBuildFile; fileRef = 047963E016B1183600DC4E85 /* Icon@2x.png */; };
		04ADBEC716B5DBFC005C1E11 /* CFNetwork.framework in Frameworks */ = {isa = PBXBuildFile; fileRef = 04ADBEC616B5DBFC005C1E11 /* CFNetwork.framework */; };
		04ADBEC916B5DC0C005C1E11 /* CoreData.framework in Frameworks */ = {isa = PBXBuildFile; fileRef = 04ADBEC816B5DC0B005C1E11 /* CoreData.framework */; };
		04ADBECB16B5DC14005C1E11 /* libxml2.dylib in Frameworks */ = {isa = PBXBuildFile; fileRef = 04ADBECA16B5DC14005C1E11 /* libxml2.dylib */; };
		04ADBECD16B5DC1C005C1E11 /* MobileCoreServices.framework in Frameworks */ = {isa = PBXBuildFile; fileRef = 04ADBECC16B5DC1C005C1E11 /* MobileCoreServices.framework */; };
		04ADBECF16B5DC23005C1E11 /* Security.framework in Frameworks */ = {isa = PBXBuildFile; fileRef = 04ADBECE16B5DC23005C1E11 /* Security.framework */; };
		04ADBED116B5DC2E005C1E11 /* SystemConfiguration.framework in Frameworks */ = {isa = PBXBuildFile; fileRef = 04ADBED016B5DC2E005C1E11 /* SystemConfiguration.framework */; };
		04ADBED216B5DC34005C1E11 /* libRestKit.a in Frameworks */ = {isa = PBXBuildFile; fileRef = 04ADBEBB16B5DAF9005C1E11 /* libRestKit.a */; };
		04ADBED516B5DE2C005C1E11 /* STThing.m in Sources */ = {isa = PBXBuildFile; fileRef = 04ADBED416B5DE2C005C1E11 /* STThing.m */; };
		04ADBED716B5E61C005C1E11 /* SCRootViewController.mm in Sources */ = {isa = PBXBuildFile; fileRef = 04ADBED616B5E61C005C1E11 /* SCRootViewController.mm */; };
		04AE8D7416DC6939002909AD /* MicrophoneSensor.m in Sources */ = {isa = PBXBuildFile; fileRef = 04AE8D7316DC6939002909AD /* MicrophoneSensor.m */; };
		04AFE00016ED41E500826D54 /* SensorContainerTests.mm in Sources */ = {isa = PBXBuildFile; fileRef = 04CB409B16E287120066F946 /* SensorContainerTests.mm */; };
		04AFE00116ED42E200826D54 /* STCSensorFactory.m in Sources */ = {isa = PBXBuildFile; fileRef = 0431B54316ADFF9700DE73E6 /* STCSensorFactory.m */; };
		04CB409116E287120066F946 /* SenTestingKit.framework in Frameworks */ = {isa = PBXBuildFile; fileRef = 04CB409016E287120066F946 /* SenTestingKit.framework */; };
		04CB409216E287120066F946 /* UIKit.framework in Frameworks */ = {isa = PBXBuildFile; fileRef = 6BC36D33169EB51B00C0DBAB /* UIKit.framework */; };
		04CB409316E287120066F946 /* Foundation.framework in Frameworks */ = {isa = PBXBuildFile; fileRef = 6BC36D35169EB51B00C0DBAB /* Foundation.framework */; };
		04CB409916E287120066F946 /* InfoPlist.strings in Resources */ = {isa = PBXBuildFile; fileRef = 04CB409716E287120066F946 /* InfoPlist.strings */; };
		04CF774416EA61C30015B8AD /* SCQRViewController.mm in Sources */ = {isa = PBXBuildFile; fileRef = 04CF774316EA61C30015B8AD /* SCQRViewController.mm */; };
		04E23E0B16E2FC07002D50AD /* FLACiOS.framework in Frameworks */ = {isa = PBXBuildFile; fileRef = 04E23E0116E2F7C7002D50AD /* FLACiOS.framework */; };
		04E23E0F16E3008D002D50AD /* wav_to_flac.c in Sources */ = {isa = PBXBuildFile; fileRef = 04E23E0D16E3008D002D50AD /* wav_to_flac.c */; };
		04F8D41616B0E00B006560CA /* AccelerometerSensor.m in Sources */ = {isa = PBXBuildFile; fileRef = 04F8D41516B0E00B006560CA /* AccelerometerSensor.m */; };
		6BC36D34169EB51B00C0DBAB /* UIKit.framework in Frameworks */ = {isa = PBXBuildFile; fileRef = 6BC36D33169EB51B00C0DBAB /* UIKit.framework */; };
		6BC36D36169EB51B00C0DBAB /* Foundation.framework in Frameworks */ = {isa = PBXBuildFile; fileRef = 6BC36D35169EB51B00C0DBAB /* Foundation.framework */; };
		6BC36D38169EB51B00C0DBAB /* CoreGraphics.framework in Frameworks */ = {isa = PBXBuildFile; fileRef = 6BC36D37169EB51B00C0DBAB /* CoreGraphics.framework */; };
		6BC36D3E169EB51B00C0DBAB /* InfoPlist.strings in Resources */ = {isa = PBXBuildFile; fileRef = 6BC36D3C169EB51B00C0DBAB /* InfoPlist.strings */; };
		6BC36D40169EB51B00C0DBAB /* main.mm in Sources */ = {isa = PBXBuildFile; fileRef = 6BC36D3F169EB51B00C0DBAB /* main.mm */; };
		6BC36D44169EB51B00C0DBAB /* SCAppDelegate.m in Sources */ = {isa = PBXBuildFile; fileRef = 6BC36D43169EB51B00C0DBAB /* SCAppDelegate.m */; };
		6BC36D46169EB51B00C0DBAB /* Default.png in Resources */ = {isa = PBXBuildFile; fileRef = 6BC36D45169EB51B00C0DBAB /* Default.png */; };
		6BC36D48169EB51B00C0DBAB /* Default@2x.png in Resources */ = {isa = PBXBuildFile; fileRef = 6BC36D47169EB51B00C0DBAB /* Default@2x.png */; };
		6BC36D4A169EB51B00C0DBAB /* Default-568h@2x.png in Resources */ = {isa = PBXBuildFile; fileRef = 6BC36D49169EB51B00C0DBAB /* Default-568h@2x.png */; };
		6BC36D95169EBB8900C0DBAB /* libZXingWidget.a in Frameworks */ = {isa = PBXBuildFile; fileRef = 6BC36D90169EBB6300C0DBAB /* libZXingWidget.a */; };
		6BC36D97169EBB9000C0DBAB /* AVFoundation.framework in Frameworks */ = {isa = PBXBuildFile; fileRef = 6BC36D96169EBB9000C0DBAB /* AVFoundation.framework */; };
		6BC36D99169EBB9B00C0DBAB /* AudioToolbox.framework in Frameworks */ = {isa = PBXBuildFile; fileRef = 6BC36D98169EBB9A00C0DBAB /* AudioToolbox.framework */; };
		6BC36D9B169EBBA700C0DBAB /* libiconv.dylib in Frameworks */ = {isa = PBXBuildFile; fileRef = 6BC36D9A169EBBA700C0DBAB /* libiconv.dylib */; };
		6BC36D9D169EBBB400C0DBAB /* CoreVideo.framework in Frameworks */ = {isa = PBXBuildFile; fileRef = 6BC36D9C169EBBB400C0DBAB /* CoreVideo.framework */; };
		6BC36D9F169EBBBD00C0DBAB /* CoreMedia.framework in Frameworks */ = {isa = PBXBuildFile; fileRef = 6BC36D9E169EBBBD00C0DBAB /* CoreMedia.framework */; };
		6BC36DA2169EBBE700C0DBAB /* AddressBook.framework in Frameworks */ = {isa = PBXBuildFile; fileRef = 6BC36DA0169EBBE700C0DBAB /* AddressBook.framework */; };
		6BC36DA3169EBBE700C0DBAB /* AddressBookUI.framework in Frameworks */ = {isa = PBXBuildFile; fileRef = 6BC36DA1169EBBE700C0DBAB /* AddressBookUI.framework */; };
/* End PBXBuildFile section */

/* Begin PBXContainerItemProxy section */
		04ADBEBA16B5DAF9005C1E11 /* PBXContainerItemProxy */ = {
			isa = PBXContainerItemProxy;
			containerPortal = 04ADBEAF16B5DAF8005C1E11 /* RestKit.xcodeproj */;
			proxyType = 2;
			remoteGlobalIDString = 25160D1614564E810060A5C5;
			remoteInfo = RestKit;
		};
		04ADBEBC16B5DAF9005C1E11 /* PBXContainerItemProxy */ = {
			isa = PBXContainerItemProxy;
			containerPortal = 04ADBEAF16B5DAF8005C1E11 /* RestKit.xcodeproj */;
			proxyType = 2;
			remoteGlobalIDString = 25160D2614564E820060A5C5;
			remoteInfo = RestKitTests;
		};
		04ADBEBE16B5DAF9005C1E11 /* PBXContainerItemProxy */ = {
			isa = PBXContainerItemProxy;
			containerPortal = 04ADBEAF16B5DAF8005C1E11 /* RestKit.xcodeproj */;
			proxyType = 2;
			remoteGlobalIDString = 25160E62145651060060A5C5;
			remoteInfo = RestKitFramework;
		};
		04ADBEC016B5DAF9005C1E11 /* PBXContainerItemProxy */ = {
			isa = PBXContainerItemProxy;
			containerPortal = 04ADBEAF16B5DAF8005C1E11 /* RestKit.xcodeproj */;
			proxyType = 2;
			remoteGlobalIDString = 25160E78145651060060A5C5;
			remoteInfo = RestKitFrameworkTests;
		};
		04ADBEC216B5DAF9005C1E11 /* PBXContainerItemProxy */ = {
			isa = PBXContainerItemProxy;
			containerPortal = 04ADBEAF16B5DAF8005C1E11 /* RestKit.xcodeproj */;
			proxyType = 2;
			remoteGlobalIDString = 259C301615128079003066A2;
			remoteInfo = RestKitResources;
		};
		04ADBEC416B5DBED005C1E11 /* PBXContainerItemProxy */ = {
			isa = PBXContainerItemProxy;
			containerPortal = 04ADBEAF16B5DAF8005C1E11 /* RestKit.xcodeproj */;
			proxyType = 1;
			remoteGlobalIDString = 25160D1514564E810060A5C5;
			remoteInfo = RestKit;
		};
		04E23D4A16E298C1002D50AD /* PBXContainerItemProxy */ = {
			isa = PBXContainerItemProxy;
			containerPortal = 6BC36D26169EB51B00C0DBAB /* Project object */;
			proxyType = 1;
			remoteGlobalIDString = 6BC36D2E169EB51B00C0DBAB;
			remoteInfo = SensorContainer;
		};
		6BC36D8F169EBB6300C0DBAB /* PBXContainerItemProxy */ = {
			isa = PBXContainerItemProxy;
			containerPortal = 6BC36D87169EBB6300C0DBAB /* ZXingWidget.xcodeproj */;
			proxyType = 2;
			remoteGlobalIDString = D2AAC07E0554694100DB518D;
			remoteInfo = ZXingWidget;
		};
		6BC36D91169EBB6300C0DBAB /* PBXContainerItemProxy */ = {
			isa = PBXContainerItemProxy;
			containerPortal = 6BC36D87169EBB6300C0DBAB /* ZXingWidget.xcodeproj */;
			proxyType = 2;
			remoteGlobalIDString = 1D60398D13DF7CAD006F4B51;
			remoteInfo = ZXingTests;
		};
		6BC36D93169EBB7B00C0DBAB /* PBXContainerItemProxy */ = {
			isa = PBXContainerItemProxy;
			containerPortal = 6BC36D87169EBB6300C0DBAB /* ZXingWidget.xcodeproj */;
			proxyType = 1;
			remoteGlobalIDString = D2AAC07D0554694100DB518D;
			remoteInfo = ZXingWidget;
		};
/* End PBXContainerItemProxy section */

/* Begin PBXFileReference section */
		0405084316A78C64005B0308 /* CoreMotion.framework */ = {isa = PBXFileReference; lastKnownFileType = wrapper.framework; name = CoreMotion.framework; path = System/Library/Frameworks/CoreMotion.framework; sourceTree = SDKROOT; };
		0431B52A16ADFF9700DE73E6 /* CameraSensor.h */ = {isa = PBXFileReference; fileEncoding = 4; lastKnownFileType = sourcecode.c.h; path = CameraSensor.h; sourceTree = "<group>"; };
		0431B52B16ADFF9700DE73E6 /* CameraSensor.m */ = {isa = PBXFileReference; fileEncoding = 4; lastKnownFileType = sourcecode.c.objc; path = CameraSensor.m; sourceTree = "<group>"; };
		0431B53916ADFF9700DE73E6 /* QRCodeSensor.h */ = {isa = PBXFileReference; fileEncoding = 4; lastKnownFileType = sourcecode.c.h; path = QRCodeSensor.h; sourceTree = "<group>"; };
		0431B53A16ADFF9700DE73E6 /* QRCodeSensor.mm */ = {isa = PBXFileReference; fileEncoding = 4; lastKnownFileType = sourcecode.cpp.objcpp; path = QRCodeSensor.mm; sourceTree = "<group>"; };
		0431B53E16ADFF9700DE73E6 /* STError.h */ = {isa = PBXFileReference; fileEncoding = 4; lastKnownFileType = sourcecode.c.h; path = STError.h; sourceTree = "<group>"; };
		0431B53F16ADFF9700DE73E6 /* STError.m */ = {isa = PBXFileReference; fileEncoding = 4; lastKnownFileType = sourcecode.c.objc; path = STError.m; sourceTree = "<group>"; };
		0431B54016ADFF9700DE73E6 /* STSensor.h */ = {isa = PBXFileReference; fileEncoding = 4; lastKnownFileType = sourcecode.c.h; path = STSensor.h; sourceTree = "<group>"; };
		0431B54116ADFF9700DE73E6 /* STSensor.m */ = {isa = PBXFileReference; fileEncoding = 4; lastKnownFileType = sourcecode.c.objc; path = STSensor.m; sourceTree = "<group>"; };
		0431B54216ADFF9700DE73E6 /* STCSensorFactory.h */ = {isa = PBXFileReference; fileEncoding = 4; lastKnownFileType = sourcecode.c.h; path = STCSensorFactory.h; sourceTree = "<group>"; };
		0431B54316ADFF9700DE73E6 /* STCSensorFactory.m */ = {isa = PBXFileReference; fileEncoding = 4; lastKnownFileType = sourcecode.c.objc; path = STCSensorFactory.m; sourceTree = "<group>"; };
		0431B54616ADFF9700DE73E6 /* STCSensorConfig.h */ = {isa = PBXFileReference; fileEncoding = 4; lastKnownFileType = sourcecode.c.h; path = STCSensorConfig.h; sourceTree = "<group>"; };
		0431B54716ADFF9700DE73E6 /* STCSensorConfig.m */ = {isa = PBXFileReference; fileEncoding = 4; lastKnownFileType = sourcecode.c.objc; path = STCSensorConfig.m; sourceTree = "<group>"; };
		0431B54816ADFF9700DE73E6 /* STCSensorCallModel.h */ = {isa = PBXFileReference; fileEncoding = 4; lastKnownFileType = sourcecode.c.h; path = STCSensorCallModel.h; sourceTree = "<group>"; };
		0431B54916ADFF9700DE73E6 /* STCSensorCallModel.m */ = {isa = PBXFileReference; fileEncoding = 4; lastKnownFileType = sourcecode.c.objc; path = STCSensorCallModel.m; sourceTree = "<group>"; };
		0431B54A16ADFF9700DE73E6 /* STCSensorCallParser.h */ = {isa = PBXFileReference; fileEncoding = 4; lastKnownFileType = sourcecode.c.h; path = STCSensorCallParser.h; sourceTree = "<group>"; };
		0431B54B16ADFF9700DE73E6 /* STCSensorCallParser.m */ = {isa = PBXFileReference; fileEncoding = 4; lastKnownFileType = sourcecode.c.objc; path = STCSensorCallParser.m; sourceTree = "<group>"; };
		0431B55816ADFFB200DE73E6 /* STSensorConfig.plist */ = {isa = PBXFileReference; fileEncoding = 4; lastKnownFileType = text.plist.xml; name = STSensorConfig.plist; path = Config/STSensorConfig.plist; sourceTree = "<group>"; };
		0431B55C16AE022400DE73E6 /* GHMenuCell.h */ = {isa = PBXFileReference; fileEncoding = 4; lastKnownFileType = sourcecode.c.h; path = GHMenuCell.h; sourceTree = "<group>"; };
		0431B55D16AE022400DE73E6 /* GHMenuCell.m */ = {isa = PBXFileReference; fileEncoding = 4; lastKnownFileType = sourcecode.c.objc; path = GHMenuCell.m; sourceTree = "<group>"; };
		0431B55E16AE022400DE73E6 /* GHMenuViewController.h */ = {isa = PBXFileReference; fileEncoding = 4; lastKnownFileType = sourcecode.c.h; path = GHMenuViewController.h; sourceTree = "<group>"; };
		0431B55F16AE022400DE73E6 /* GHMenuViewController.m */ = {isa = PBXFileReference; fileEncoding = 4; lastKnownFileType = sourcecode.c.objc; path = GHMenuViewController.m; sourceTree = "<group>"; };
		0431B56016AE022400DE73E6 /* GHRevealViewController.h */ = {isa = PBXFileReference; fileEncoding = 4; lastKnownFileType = sourcecode.c.h; path = GHRevealViewController.h; sourceTree = "<group>"; };
		0431B56116AE022400DE73E6 /* GHRevealViewController.m */ = {isa = PBXFileReference; fileEncoding = 4; lastKnownFileType = sourcecode.c.objc; path = GHRevealViewController.m; sourceTree = "<group>"; };
		0431B56916AE02D600DE73E6 /* QuartzCore.framework */ = {isa = PBXFileReference; lastKnownFileType = wrapper.framework; name = QuartzCore.framework; path = System/Library/Frameworks/QuartzCore.framework; sourceTree = SDKROOT; };
		0431B56C16AE0D3600DE73E6 /* 32-iphone.png */ = {isa = PBXFileReference; lastKnownFileType = image.png; path = "32-iphone.png"; sourceTree = "<group>"; };
		0431B56D16AE0D3600DE73E6 /* searchBarBG.png */ = {isa = PBXFileReference; lastKnownFileType = image.png; path = searchBarBG.png; sourceTree = "<group>"; };
		0431B56E16AE0D3600DE73E6 /* searchBarIcon.png */ = {isa = PBXFileReference; lastKnownFileType = image.png; path = searchBarIcon.png; sourceTree = "<group>"; };
		0431B56F16AE0D3600DE73E6 /* searchBarIcon@2x.png */ = {isa = PBXFileReference; lastKnownFileType = image.png; path = "searchBarIcon@2x.png"; sourceTree = "<group>"; };
		0431B57016AE0D3600DE73E6 /* searchTextBG.png */ = {isa = PBXFileReference; lastKnownFileType = image.png; path = searchTextBG.png; sourceTree = "<group>"; };
		04483A3C16E7F5D100B0EFBF /* MBProgressHUD+Utility.h */ = {isa = PBXFileReference; fileEncoding = 4; lastKnownFileType = sourcecode.c.h; name = "MBProgressHUD+Utility.h"; path = "Utilities/MBProgressHUD+Utility.h"; sourceTree = "<group>"; };
		04483A3D16E7F5D100B0EFBF /* MBProgressHUD+Utility.m */ = {isa = PBXFileReference; fileEncoding = 4; lastKnownFileType = sourcecode.c.objc; name = "MBProgressHUD+Utility.m"; path = "Utilities/MBProgressHUD+Utility.m"; sourceTree = "<group>"; };
		044EF66D16B367F80099A862 /* MBProgressHUD.h */ = {isa = PBXFileReference; fileEncoding = 4; lastKnownFileType = sourcecode.c.h; name = MBProgressHUD.h; path = SensorContainer/MBProgressHUD/MBProgressHUD.h; sourceTree = "<group>"; };
		044EF66E16B367F80099A862 /* MBProgressHUD.m */ = {isa = PBXFileReference; fileEncoding = 4; lastKnownFileType = sourcecode.c.objc; name = MBProgressHUD.m; path = SensorContainer/MBProgressHUD/MBProgressHUD.m; sourceTree = "<group>"; };
		044EF67016B371660099A862 /* 37x-Checkmark.png */ = {isa = PBXFileReference; lastKnownFileType = image.png; path = "37x-Checkmark.png"; sourceTree = "<group>"; };
		046F821516DEC7980030D813 /* SCSettingViewController.h */ = {isa = PBXFileReference; fileEncoding = 4; lastKnownFileType = sourcecode.c.h; path = SCSettingViewController.h; sourceTree = "<group>"; };
		046F821616DEC7980030D813 /* SCSettingViewController.m */ = {isa = PBXFileReference; fileEncoding = 4; lastKnownFileType = sourcecode.c.objc; path = SCSettingViewController.m; sourceTree = "<group>"; };
		047963DE16B1167800DC4E85 /* Icon.png */ = {isa = PBXFileReference; lastKnownFileType = image.png; path = Icon.png; sourceTree = "<group>"; };
		047963E016B1183600DC4E85 /* Icon@2x.png */ = {isa = PBXFileReference; lastKnownFileType = image.png; path = "Icon@2x.png"; sourceTree = "<group>"; };
		04ADBEAF16B5DAF8005C1E11 /* RestKit.xcodeproj */ = {isa = PBXFileReference; lastKnownFileType = "wrapper.pb-project"; name = RestKit.xcodeproj; path = RestKit/RestKit.xcodeproj; sourceTree = "<group>"; };
		04ADBEC616B5DBFC005C1E11 /* CFNetwork.framework */ = {isa = PBXFileReference; lastKnownFileType = wrapper.framework; name = CFNetwork.framework; path = System/Library/Frameworks/CFNetwork.framework; sourceTree = SDKROOT; };
		04ADBEC816B5DC0B005C1E11 /* CoreData.framework */ = {isa = PBXFileReference; lastKnownFileType = wrapper.framework; name = CoreData.framework; path = System/Library/Frameworks/CoreData.framework; sourceTree = SDKROOT; };
		04ADBECA16B5DC14005C1E11 /* libxml2.dylib */ = {isa = PBXFileReference; lastKnownFileType = "compiled.mach-o.dylib"; name = libxml2.dylib; path = usr/lib/libxml2.dylib; sourceTree = SDKROOT; };
		04ADBECC16B5DC1C005C1E11 /* MobileCoreServices.framework */ = {isa = PBXFileReference; lastKnownFileType = wrapper.framework; name = MobileCoreServices.framework; path = System/Library/Frameworks/MobileCoreServices.framework; sourceTree = SDKROOT; };
		04ADBECE16B5DC23005C1E11 /* Security.framework */ = {isa = PBXFileReference; lastKnownFileType = wrapper.framework; name = Security.framework; path = System/Library/Frameworks/Security.framework; sourceTree = SDKROOT; };
		04ADBED016B5DC2E005C1E11 /* SystemConfiguration.framework */ = {isa = PBXFileReference; lastKnownFileType = wrapper.framework; name = SystemConfiguration.framework; path = System/Library/Frameworks/SystemConfiguration.framework; sourceTree = SDKROOT; };
		04ADBED316B5DE2C005C1E11 /* STThing.h */ = {isa = PBXFileReference; fileEncoding = 4; lastKnownFileType = sourcecode.c.h; name = STThing.h; path = Sensor/Pattern/Factory/Abstract/STThing.h; sourceTree = "<group>"; };
		04ADBED416B5DE2C005C1E11 /* STThing.m */ = {isa = PBXFileReference; fileEncoding = 4; lastKnownFileType = sourcecode.c.objc; name = STThing.m; path = Sensor/Pattern/Factory/Abstract/STThing.m; sourceTree = "<group>"; };
		04ADBED616B5E61C005C1E11 /* SCRootViewController.mm */ = {isa = PBXFileReference; fileEncoding = 4; lastKnownFileType = sourcecode.cpp.objcpp; path = SCRootViewController.mm; sourceTree = "<group>"; };
		04AE8D7216DC6939002909AD /* MicrophoneSensor.h */ = {isa = PBXFileReference; fileEncoding = 4; lastKnownFileType = sourcecode.c.h; name = MicrophoneSensor.h; path = Microphone/MicrophoneSensor.h; sourceTree = "<group>"; };
		04AE8D7316DC6939002909AD /* MicrophoneSensor.m */ = {isa = PBXFileReference; fileEncoding = 4; lastKnownFileType = sourcecode.c.objc; name = MicrophoneSensor.m; path = Microphone/MicrophoneSensor.m; sourceTree = "<group>"; };
		04CB408F16E287120066F946 /* SensorContainerTests.octest */ = {isa = PBXFileReference; explicitFileType = wrapper.cfbundle; includeInIndex = 0; path = SensorContainerTests.octest; sourceTree = BUILT_PRODUCTS_DIR; };
		04CB409016E287120066F946 /* SenTestingKit.framework */ = {isa = PBXFileReference; lastKnownFileType = wrapper.framework; name = SenTestingKit.framework; path = Library/Frameworks/SenTestingKit.framework; sourceTree = DEVELOPER_DIR; };
		04CB409616E287120066F946 /* SensorContainerTests-Info.plist */ = {isa = PBXFileReference; lastKnownFileType = text.plist.xml; path = "SensorContainerTests-Info.plist"; sourceTree = "<group>"; };
		04CB409816E287120066F946 /* en */ = {isa = PBXFileReference; lastKnownFileType = text.plist.strings; name = en; path = en.lproj/InfoPlist.strings; sourceTree = "<group>"; };
		04CB409A16E287120066F946 /* SensorContainerTests.h */ = {isa = PBXFileReference; lastKnownFileType = sourcecode.c.h; path = SensorContainerTests.h; sourceTree = "<group>"; };
		04CB409B16E287120066F946 /* SensorContainerTests.mm */ = {isa = PBXFileReference; lastKnownFileType = sourcecode.cpp.objcpp; path = SensorContainerTests.mm; sourceTree = "<group>"; };
		04CB409D16E287120066F946 /* SensorContainerTests-Prefix.pch */ = {isa = PBXFileReference; lastKnownFileType = sourcecode.c.h; path = "SensorContainerTests-Prefix.pch"; sourceTree = "<group>"; };
		04CF774216EA61C30015B8AD /* SCQRViewController.h */ = {isa = PBXFileReference; fileEncoding = 4; lastKnownFileType = sourcecode.c.h; path = SCQRViewController.h; sourceTree = "<group>"; };
		04CF774316EA61C30015B8AD /* SCQRViewController.mm */ = {isa = PBXFileReference; fileEncoding = 4; lastKnownFileType = sourcecode.cpp.objcpp; path = SCQRViewController.mm; sourceTree = "<group>"; };
		04E23E0116E2F7C7002D50AD /* FLACiOS.framework */ = {isa = PBXFileReference; lastKnownFileType = wrapper.framework; name = FLACiOS.framework; path = ../../../../FLACiOS.framework; sourceTree = "<group>"; };
		04E23E0D16E3008D002D50AD /* wav_to_flac.c */ = {isa = PBXFileReference; fileEncoding = 4; lastKnownFileType = sourcecode.c.c; name = wav_to_flac.c; path = ../../../wav_to_flac/wav_to_flac.c; sourceTree = "<group>"; };
		04E23E0E16E3008D002D50AD /* wav_to_flac.h */ = {isa = PBXFileReference; fileEncoding = 4; lastKnownFileType = sourcecode.c.h; name = wav_to_flac.h; path = ../../../wav_to_flac/wav_to_flac.h; sourceTree = "<group>"; };
		04F8D41416B0E00B006560CA /* AccelerometerSensor.h */ = {isa = PBXFileReference; fileEncoding = 4; lastKnownFileType = sourcecode.c.h; path = AccelerometerSensor.h; sourceTree = "<group>"; };
		04F8D41516B0E00B006560CA /* AccelerometerSensor.m */ = {isa = PBXFileReference; fileEncoding = 4; lastKnownFileType = sourcecode.c.objc; path = AccelerometerSensor.m; sourceTree = "<group>"; };
		6BC36D2F169EB51B00C0DBAB /* SensorContainer.app */ = {isa = PBXFileReference; explicitFileType = wrapper.application; includeInIndex = 0; path = SensorContainer.app; sourceTree = BUILT_PRODUCTS_DIR; };
		6BC36D33169EB51B00C0DBAB /* UIKit.framework */ = {isa = PBXFileReference; lastKnownFileType = wrapper.framework; name = UIKit.framework; path = System/Library/Frameworks/UIKit.framework; sourceTree = SDKROOT; };
		6BC36D35169EB51B00C0DBAB /* Foundation.framework */ = {isa = PBXFileReference; lastKnownFileType = wrapper.framework; name = Foundation.framework; path = System/Library/Frameworks/Foundation.framework; sourceTree = SDKROOT; };
		6BC36D37169EB51B00C0DBAB /* CoreGraphics.framework */ = {isa = PBXFileReference; lastKnownFileType = wrapper.framework; name = CoreGraphics.framework; path = System/Library/Frameworks/CoreGraphics.framework; sourceTree = SDKROOT; };
		6BC36D3B169EB51B00C0DBAB /* SensorContainer-Info.plist */ = {isa = PBXFileReference; lastKnownFileType = text.plist.xml; path = "SensorContainer-Info.plist"; sourceTree = "<group>"; };
		6BC36D3D169EB51B00C0DBAB /* en */ = {isa = PBXFileReference; lastKnownFileType = text.plist.strings; name = en; path = en.lproj/InfoPlist.strings; sourceTree = "<group>"; };
		6BC36D3F169EB51B00C0DBAB /* main.mm */ = {isa = PBXFileReference; lastKnownFileType = sourcecode.cpp.objcpp; path = main.mm; sourceTree = "<group>"; };
		6BC36D41169EB51B00C0DBAB /* SensorContainer-Prefix.pch */ = {isa = PBXFileReference; lastKnownFileType = sourcecode.c.h; path = "SensorContainer-Prefix.pch"; sourceTree = "<group>"; };
		6BC36D42169EB51B00C0DBAB /* SCAppDelegate.h */ = {isa = PBXFileReference; lastKnownFileType = sourcecode.c.h; path = SCAppDelegate.h; sourceTree = "<group>"; };
		6BC36D43169EB51B00C0DBAB /* SCAppDelegate.m */ = {isa = PBXFileReference; lastKnownFileType = sourcecode.c.objc; path = SCAppDelegate.m; sourceTree = "<group>"; };
		6BC36D45169EB51B00C0DBAB /* Default.png */ = {isa = PBXFileReference; lastKnownFileType = image.png; path = Default.png; sourceTree = "<group>"; };
		6BC36D47169EB51B00C0DBAB /* Default@2x.png */ = {isa = PBXFileReference; lastKnownFileType = image.png; path = "Default@2x.png"; sourceTree = "<group>"; };
		6BC36D49169EB51B00C0DBAB /* Default-568h@2x.png */ = {isa = PBXFileReference; lastKnownFileType = image.png; path = "Default-568h@2x.png"; sourceTree = "<group>"; };
		6BC36D4B169EB51B00C0DBAB /* SCRootViewController.h */ = {isa = PBXFileReference; lastKnownFileType = sourcecode.c.h; path = SCRootViewController.h; sourceTree = "<group>"; };
		6BC36D87169EBB6300C0DBAB /* ZXingWidget.xcodeproj */ = {isa = PBXFileReference; lastKnownFileType = "wrapper.pb-project"; name = ZXingWidget.xcodeproj; path = zxing/iphone/ZXingWidget/ZXingWidget.xcodeproj; sourceTree = "<group>"; };
		6BC36D96169EBB9000C0DBAB /* AVFoundation.framework */ = {isa = PBXFileReference; lastKnownFileType = wrapper.framework; name = AVFoundation.framework; path = System/Library/Frameworks/AVFoundation.framework; sourceTree = SDKROOT; };
		6BC36D98169EBB9A00C0DBAB /* AudioToolbox.framework */ = {isa = PBXFileReference; lastKnownFileType = wrapper.framework; name = AudioToolbox.framework; path = System/Library/Frameworks/AudioToolbox.framework; sourceTree = SDKROOT; };
		6BC36D9A169EBBA700C0DBAB /* libiconv.dylib */ = {isa = PBXFileReference; lastKnownFileType = "compiled.mach-o.dylib"; name = libiconv.dylib; path = usr/lib/libiconv.dylib; sourceTree = SDKROOT; };
		6BC36D9C169EBBB400C0DBAB /* CoreVideo.framework */ = {isa = PBXFileReference; lastKnownFileType = wrapper.framework; name = CoreVideo.framework; path = System/Library/Frameworks/CoreVideo.framework; sourceTree = SDKROOT; };
		6BC36D9E169EBBBD00C0DBAB /* CoreMedia.framework */ = {isa = PBXFileReference; lastKnownFileType = wrapper.framework; name = CoreMedia.framework; path = System/Library/Frameworks/CoreMedia.framework; sourceTree = SDKROOT; };
		6BC36DA0169EBBE700C0DBAB /* AddressBook.framework */ = {isa = PBXFileReference; lastKnownFileType = wrapper.framework; name = AddressBook.framework; path = System/Library/Frameworks/AddressBook.framework; sourceTree = SDKROOT; };
		6BC36DA1169EBBE700C0DBAB /* AddressBookUI.framework */ = {isa = PBXFileReference; lastKnownFileType = wrapper.framework; name = AddressBookUI.framework; path = System/Library/Frameworks/AddressBookUI.framework; sourceTree = SDKROOT; };
/* End PBXFileReference section */

/* Begin PBXFrameworksBuildPhase section */
		04CB408B16E287120066F946 /* Frameworks */ = {
			isa = PBXFrameworksBuildPhase;
			buildActionMask = 2147483647;
			files = (
				04CB409116E287120066F946 /* SenTestingKit.framework in Frameworks */,
				04CB409216E287120066F946 /* UIKit.framework in Frameworks */,
				04CB409316E287120066F946 /* Foundation.framework in Frameworks */,
			);
			runOnlyForDeploymentPostprocessing = 0;
		};
		6BC36D2C169EB51B00C0DBAB /* Frameworks */ = {
			isa = PBXFrameworksBuildPhase;
			buildActionMask = 2147483647;
			files = (
				04E23E0B16E2FC07002D50AD /* FLACiOS.framework in Frameworks */,
				04ADBED216B5DC34005C1E11 /* libRestKit.a in Frameworks */,
				04ADBED116B5DC2E005C1E11 /* SystemConfiguration.framework in Frameworks */,
				04ADBECF16B5DC23005C1E11 /* Security.framework in Frameworks */,
				04ADBECD16B5DC1C005C1E11 /* MobileCoreServices.framework in Frameworks */,
				04ADBECB16B5DC14005C1E11 /* libxml2.dylib in Frameworks */,
				04ADBEC916B5DC0C005C1E11 /* CoreData.framework in Frameworks */,
				04ADBEC716B5DBFC005C1E11 /* CFNetwork.framework in Frameworks */,
				0431B56A16AE02D600DE73E6 /* QuartzCore.framework in Frameworks */,
				0405084416A78C64005B0308 /* CoreMotion.framework in Frameworks */,
				6BC36DA2169EBBE700C0DBAB /* AddressBook.framework in Frameworks */,
				6BC36DA3169EBBE700C0DBAB /* AddressBookUI.framework in Frameworks */,
				6BC36D9F169EBBBD00C0DBAB /* CoreMedia.framework in Frameworks */,
				6BC36D9D169EBBB400C0DBAB /* CoreVideo.framework in Frameworks */,
				6BC36D9B169EBBA700C0DBAB /* libiconv.dylib in Frameworks */,
				6BC36D99169EBB9B00C0DBAB /* AudioToolbox.framework in Frameworks */,
				6BC36D97169EBB9000C0DBAB /* AVFoundation.framework in Frameworks */,
				6BC36D95169EBB8900C0DBAB /* libZXingWidget.a in Frameworks */,
				6BC36D34169EB51B00C0DBAB /* UIKit.framework in Frameworks */,
				6BC36D36169EB51B00C0DBAB /* Foundation.framework in Frameworks */,
				6BC36D38169EB51B00C0DBAB /* CoreGraphics.framework in Frameworks */,
			);
			runOnlyForDeploymentPostprocessing = 0;
		};
/* End PBXFrameworksBuildPhase section */

/* Begin PBXGroup section */
		042FF36C16D450D5005AE6FA /* Microphone */ = {
			isa = PBXGroup;
			children = (
				04AE8D7216DC6939002909AD /* MicrophoneSensor.h */,
				04AE8D7316DC6939002909AD /* MicrophoneSensor.m */,
			);
			name = Microphone;
			sourceTree = "<group>";
		};
		0431B52616ADFF9700DE73E6 /* Sensor */ = {
			isa = PBXGroup;
			children = (
				0431B52716ADFF9700DE73E6 /* Device */,
				0431B53B16ADFF9700DE73E6 /* Pattern */,
			);
			path = Sensor;
			sourceTree = "<group>";
		};
		0431B52716ADFF9700DE73E6 /* Device */ = {
			isa = PBXGroup;
			children = (
				04CF774C16EA6A4E0015B8AD /* GPS */,
				042FF36C16D450D5005AE6FA /* Microphone */,
				0431B52816ADFF9700DE73E6 /* Accelerometer */,
				0431B52916ADFF9700DE73E6 /* Camera */,
				0431B53816ADFF9700DE73E6 /* QRCode */,
			);
			path = Device;
			sourceTree = "<group>";
		};
		0431B52816ADFF9700DE73E6 /* Accelerometer */ = {
			isa = PBXGroup;
			children = (
				04F8D41416B0E00B006560CA /* AccelerometerSensor.h */,
				04F8D41516B0E00B006560CA /* AccelerometerSensor.m */,
			);
			path = Accelerometer;
			sourceTree = "<group>";
		};
		0431B52916ADFF9700DE73E6 /* Camera */ = {
			isa = PBXGroup;
			children = (
				0431B52A16ADFF9700DE73E6 /* CameraSensor.h */,
				0431B52B16ADFF9700DE73E6 /* CameraSensor.m */,
			);
			path = Camera;
			sourceTree = "<group>";
		};
		0431B53816ADFF9700DE73E6 /* QRCode */ = {
			isa = PBXGroup;
			children = (
				0431B53916ADFF9700DE73E6 /* QRCodeSensor.h */,
				0431B53A16ADFF9700DE73E6 /* QRCodeSensor.mm */,
			);
			path = QRCode;
			sourceTree = "<group>";
		};
		0431B53B16ADFF9700DE73E6 /* Pattern */ = {
			isa = PBXGroup;
			children = (
				0431B53C16ADFF9700DE73E6 /* Factory */,
				0431B54416ADFF9700DE73E6 /* Parser */,
			);
			path = Pattern;
			sourceTree = "<group>";
		};
		0431B53C16ADFF9700DE73E6 /* Factory */ = {
			isa = PBXGroup;
			children = (
				0431B53D16ADFF9700DE73E6 /* Abstract */,
				0431B54216ADFF9700DE73E6 /* STCSensorFactory.h */,
				0431B54316ADFF9700DE73E6 /* STCSensorFactory.m */,
			);
			path = Factory;
			sourceTree = "<group>";
		};
		0431B53D16ADFF9700DE73E6 /* Abstract */ = {
			isa = PBXGroup;
			children = (
				0431B53E16ADFF9700DE73E6 /* STError.h */,
				0431B53F16ADFF9700DE73E6 /* STError.m */,
				0431B54016ADFF9700DE73E6 /* STSensor.h */,
				0431B54116ADFF9700DE73E6 /* STSensor.m */,
			);
			path = Abstract;
			sourceTree = "<group>";
		};
		0431B54416ADFF9700DE73E6 /* Parser */ = {
			isa = PBXGroup;
			children = (
				0431B54516ADFF9700DE73E6 /* Config */,
				0431B54816ADFF9700DE73E6 /* STCSensorCallModel.h */,
				0431B54916ADFF9700DE73E6 /* STCSensorCallModel.m */,
				0431B54A16ADFF9700DE73E6 /* STCSensorCallParser.h */,
				0431B54B16ADFF9700DE73E6 /* STCSensorCallParser.m */,
			);
			path = Parser;
			sourceTree = "<group>";
		};
		0431B54516ADFF9700DE73E6 /* Config */ = {
			isa = PBXGroup;
			children = (
				0431B54616ADFF9700DE73E6 /* STCSensorConfig.h */,
				0431B54716ADFF9700DE73E6 /* STCSensorConfig.m */,
			);
			path = Config;
			sourceTree = "<group>";
		};
		0431B55B16AE022400DE73E6 /* GHSideBarNav */ = {
			isa = PBXGroup;
			children = (
				0431B55C16AE022400DE73E6 /* GHMenuCell.h */,
				0431B55D16AE022400DE73E6 /* GHMenuCell.m */,
				0431B55E16AE022400DE73E6 /* GHMenuViewController.h */,
				0431B55F16AE022400DE73E6 /* GHMenuViewController.m */,
				0431B56016AE022400DE73E6 /* GHRevealViewController.h */,
				0431B56116AE022400DE73E6 /* GHRevealViewController.m */,
			);
			name = GHSideBarNav;
			path = SensorContainer/GHSideBarNav;
			sourceTree = "<group>";
		};
		0431B56B16AE0D3600DE73E6 /* Resources */ = {
			isa = PBXGroup;
			children = (
				044EF67016B371660099A862 /* 37x-Checkmark.png */,
				047963E016B1183600DC4E85 /* Icon@2x.png */,
				047963DE16B1167800DC4E85 /* Icon.png */,
				0431B56C16AE0D3600DE73E6 /* 32-iphone.png */,
				0431B56D16AE0D3600DE73E6 /* searchBarBG.png */,
				0431B56E16AE0D3600DE73E6 /* searchBarIcon.png */,
				0431B56F16AE0D3600DE73E6 /* searchBarIcon@2x.png */,
				0431B57016AE0D3600DE73E6 /* searchTextBG.png */,
			);
			name = Resources;
			path = SensorContainer/Resources;
			sourceTree = "<group>";
		};
		04483A3116E7F3FB00B0EFBF /* Utilities */ = {
			isa = PBXGroup;
			children = (
				04483A3C16E7F5D100B0EFBF /* MBProgressHUD+Utility.h */,
				04483A3D16E7F5D100B0EFBF /* MBProgressHUD+Utility.m */,
			);
			name = Utilities;
			sourceTree = "<group>";
		};
		044EF66B16B367790099A862 /* 3rdPartyUtils */ = {
			isa = PBXGroup;
			children = (
				04E23E0C16E3006B002D50AD /* Wav2FLAC */,
				044EF66C16B367A00099A862 /* MBProgressHUD */,
				0431B55B16AE022400DE73E6 /* GHSideBarNav */,
			);
			name = 3rdPartyUtils;
			sourceTree = "<group>";
		};
		044EF66C16B367A00099A862 /* MBProgressHUD */ = {
			isa = PBXGroup;
			children = (
				044EF66D16B367F80099A862 /* MBProgressHUD.h */,
				044EF66E16B367F80099A862 /* MBProgressHUD.m */,
			);
			name = MBProgressHUD;
			sourceTree = "<group>";
		};
		04ADBEB016B5DAF8005C1E11 /* Products */ = {
			isa = PBXGroup;
			children = (
				04ADBEBB16B5DAF9005C1E11 /* libRestKit.a */,
				04ADBEBD16B5DAF9005C1E11 /* RestKitTests.octest */,
				04ADBEBF16B5DAF9005C1E11 /* RestKit.framework */,
				04ADBEC116B5DAF9005C1E11 /* RestKitFrameworkTests.octest */,
				04ADBEC316B5DAF9005C1E11 /* RestKitResources.bundle */,
			);
			name = Products;
			sourceTree = "<group>";
		};
		04CB409416E287120066F946 /* SensorContainerTests */ = {
			isa = PBXGroup;
			children = (
				04CB409A16E287120066F946 /* SensorContainerTests.h */,
				04CB409B16E287120066F946 /* SensorContainerTests.mm */,
				04CB409516E287120066F946 /* Supporting Files */,
			);
			path = SensorContainerTests;
			sourceTree = "<group>";
		};
		04CB409516E287120066F946 /* Supporting Files */ = {
			isa = PBXGroup;
			children = (
				04CB409616E287120066F946 /* SensorContainerTests-Info.plist */,
				04CB409716E287120066F946 /* InfoPlist.strings */,
				04CB409D16E287120066F946 /* SensorContainerTests-Prefix.pch */,
			);
			name = "Supporting Files";
			sourceTree = "<group>";
		};
		04CF774A16EA626C0015B8AD /* Thing */ = {
			isa = PBXGroup;
			children = (
				04ADBED316B5DE2C005C1E11 /* STThing.h */,
				04ADBED416B5DE2C005C1E11 /* STThing.m */,
			);
			name = Thing;
			sourceTree = "<group>";
		};
		04CF774C16EA6A4E0015B8AD /* GPS */ = {
			isa = PBXGroup;
			children = (
			);
			name = GPS;
			sourceTree = "<group>";
		};
		04E23E0C16E3006B002D50AD /* Wav2FLAC */ = {
			isa = PBXGroup;
			children = (
				04E23E0D16E3008D002D50AD /* wav_to_flac.c */,
				04E23E0E16E3008D002D50AD /* wav_to_flac.h */,
			);
			name = Wav2FLAC;
			sourceTree = "<group>";
		};
		6BC36D24169EB51B00C0DBAB = {
			isa = PBXGroup;
			children = (
				04ADBEAF16B5DAF8005C1E11 /* RestKit.xcodeproj */,
				6BC36D87169EBB6300C0DBAB /* ZXingWidget.xcodeproj */,
				044EF66B16B367790099A862 /* 3rdPartyUtils */,
				0431B56B16AE0D3600DE73E6 /* Resources */,
				6BC36D39169EB51B00C0DBAB /* SensorContainer */,
				04CB409416E287120066F946 /* SensorContainerTests */,
				6BC36D32169EB51B00C0DBAB /* Frameworks */,
				6BC36D30169EB51B00C0DBAB /* Products */,
			);
			sourceTree = "<group>";
		};
		6BC36D30169EB51B00C0DBAB /* Products */ = {
			isa = PBXGroup;
			children = (
				6BC36D2F169EB51B00C0DBAB /* SensorContainer.app */,
				04CB408F16E287120066F946 /* SensorContainerTests.octest */,
			);
			name = Products;
			sourceTree = "<group>";
		};
		6BC36D32169EB51B00C0DBAB /* Frameworks */ = {
			isa = PBXGroup;
			children = (
				04E23E0116E2F7C7002D50AD /* FLACiOS.framework */,
				04ADBED016B5DC2E005C1E11 /* SystemConfiguration.framework */,
				04ADBECE16B5DC23005C1E11 /* Security.framework */,
				04ADBECC16B5DC1C005C1E11 /* MobileCoreServices.framework */,
				04ADBECA16B5DC14005C1E11 /* libxml2.dylib */,
				04ADBEC816B5DC0B005C1E11 /* CoreData.framework */,
				04ADBEC616B5DBFC005C1E11 /* CFNetwork.framework */,
				0431B56916AE02D600DE73E6 /* QuartzCore.framework */,
				0405084316A78C64005B0308 /* CoreMotion.framework */,
				6BC36DA0169EBBE700C0DBAB /* AddressBook.framework */,
				6BC36DA1169EBBE700C0DBAB /* AddressBookUI.framework */,
				6BC36D9E169EBBBD00C0DBAB /* CoreMedia.framework */,
				6BC36D9C169EBBB400C0DBAB /* CoreVideo.framework */,
				6BC36D9A169EBBA700C0DBAB /* libiconv.dylib */,
				6BC36D98169EBB9A00C0DBAB /* AudioToolbox.framework */,
				6BC36D96169EBB9000C0DBAB /* AVFoundation.framework */,
				6BC36D33169EB51B00C0DBAB /* UIKit.framework */,
				6BC36D35169EB51B00C0DBAB /* Foundation.framework */,
				6BC36D37169EB51B00C0DBAB /* CoreGraphics.framework */,
				04CB409016E287120066F946 /* SenTestingKit.framework */,
			);
			name = Frameworks;
			sourceTree = "<group>";
		};
		6BC36D39169EB51B00C0DBAB /* SensorContainer */ = {
			isa = PBXGroup;
			children = (
				04CF774A16EA626C0015B8AD /* Thing */,
				04483A3116E7F3FB00B0EFBF /* Utilities */,
				0431B52616ADFF9700DE73E6 /* Sensor */,
				6BC36D42169EB51B00C0DBAB /* SCAppDelegate.h */,
				6BC36D43169EB51B00C0DBAB /* SCAppDelegate.m */,
				6BC36D4B169EB51B00C0DBAB /* SCRootViewController.h */,
				04ADBED616B5E61C005C1E11 /* SCRootViewController.mm */,
				046F821516DEC7980030D813 /* SCSettingViewController.h */,
				046F821616DEC7980030D813 /* SCSettingViewController.m */,
				04CF774216EA61C30015B8AD /* SCQRViewController.h */,
				04CF774316EA61C30015B8AD /* SCQRViewController.mm */,
				6BC36D3A169EB51B00C0DBAB /* Supporting Files */,
			);
			path = SensorContainer;
			sourceTree = "<group>";
		};
		6BC36D3A169EB51B00C0DBAB /* Supporting Files */ = {
			isa = PBXGroup;
			children = (
				0431B55816ADFFB200DE73E6 /* STSensorConfig.plist */,
				6BC36D3B169EB51B00C0DBAB /* SensorContainer-Info.plist */,
				6BC36D3C169EB51B00C0DBAB /* InfoPlist.strings */,
				6BC36D3F169EB51B00C0DBAB /* main.mm */,
				6BC36D41169EB51B00C0DBAB /* SensorContainer-Prefix.pch */,
				6BC36D45169EB51B00C0DBAB /* Default.png */,
				6BC36D47169EB51B00C0DBAB /* Default@2x.png */,
				6BC36D49169EB51B00C0DBAB /* Default-568h@2x.png */,
			);
			name = "Supporting Files";
			sourceTree = "<group>";
		};
		6BC36D88169EBB6300C0DBAB /* Products */ = {
			isa = PBXGroup;
			children = (
				6BC36D90169EBB6300C0DBAB /* libZXingWidget.a */,
				6BC36D92169EBB6300C0DBAB /* ZXingTests.octest */,
			);
			name = Products;
			sourceTree = "<group>";
		};
/* End PBXGroup section */

/* Begin PBXNativeTarget section */
		04CB408E16E287120066F946 /* SensorContainerTests */ = {
			isa = PBXNativeTarget;
			buildConfigurationList = 04CB40A516E287120066F946 /* Build configuration list for PBXNativeTarget "SensorContainerTests" */;
			buildPhases = (
				04CB408A16E287120066F946 /* Sources */,
				04CB408B16E287120066F946 /* Frameworks */,
				04CB408C16E287120066F946 /* Resources */,
				04CB408D16E287120066F946 /* ShellScript */,
			);
			buildRules = (
			);
			dependencies = (
				04E23D4B16E298C1002D50AD /* PBXTargetDependency */,
			);
			name = SensorContainerTests;
			productName = SensorContainerTests;
			productReference = 04CB408F16E287120066F946 /* SensorContainerTests.octest */;
			productType = "com.apple.product-type.bundle";
		};
		6BC36D2E169EB51B00C0DBAB /* SensorContainer */ = {
			isa = PBXNativeTarget;
			buildConfigurationList = 6BC36D5C169EB51C00C0DBAB /* Build configuration list for PBXNativeTarget "SensorContainer" */;
			buildPhases = (
				6BC36D2B169EB51B00C0DBAB /* Sources */,
				6BC36D2D169EB51B00C0DBAB /* Resources */,
				6BC36D2C169EB51B00C0DBAB /* Frameworks */,
			);
			buildRules = (
			);
			dependencies = (
				04ADBEC516B5DBED005C1E11 /* PBXTargetDependency */,
				6BC36D94169EBB7B00C0DBAB /* PBXTargetDependency */,
			);
			name = SensorContainer;
			productName = SensorContainer;
			productReference = 6BC36D2F169EB51B00C0DBAB /* SensorContainer.app */;
			productType = "com.apple.product-type.application";
		};
/* End PBXNativeTarget section */

/* Begin PBXProject section */
		6BC36D26169EB51B00C0DBAB /* Project object */ = {
			isa = PBXProject;
			attributes = {
				CLASSPREFIX = SC;
				LastUpgradeCheck = 0450;
				ORGANIZATIONNAME = "Daniel Yuen";
			};
			buildConfigurationList = 6BC36D29169EB51B00C0DBAB /* Build configuration list for PBXProject "SensorContainer" */;
			compatibilityVersion = "Xcode 3.2";
			developmentRegion = English;
			hasScannedForEncodings = 0;
			knownRegions = (
				en,
			);
			mainGroup = 6BC36D24169EB51B00C0DBAB;
			productRefGroup = 6BC36D30169EB51B00C0DBAB /* Products */;
			projectDirPath = "";
			projectReferences = (
				{
					ProductGroup = 04ADBEB016B5DAF8005C1E11 /* Products */;
					ProjectRef = 04ADBEAF16B5DAF8005C1E11 /* RestKit.xcodeproj */;
				},
				{
					ProductGroup = 6BC36D88169EBB6300C0DBAB /* Products */;
					ProjectRef = 6BC36D87169EBB6300C0DBAB /* ZXingWidget.xcodeproj */;
				},
			);
			projectRoot = "";
			targets = (
				6BC36D2E169EB51B00C0DBAB /* SensorContainer */,
				04CB408E16E287120066F946 /* SensorContainerTests */,
			);
		};
/* End PBXProject section */

/* Begin PBXReferenceProxy section */
		04ADBEBB16B5DAF9005C1E11 /* libRestKit.a */ = {
			isa = PBXReferenceProxy;
			fileType = archive.ar;
			path = libRestKit.a;
			remoteRef = 04ADBEBA16B5DAF9005C1E11 /* PBXContainerItemProxy */;
			sourceTree = BUILT_PRODUCTS_DIR;
		};
		04ADBEBD16B5DAF9005C1E11 /* RestKitTests.octest */ = {
			isa = PBXReferenceProxy;
			fileType = wrapper.cfbundle;
			path = RestKitTests.octest;
			remoteRef = 04ADBEBC16B5DAF9005C1E11 /* PBXContainerItemProxy */;
			sourceTree = BUILT_PRODUCTS_DIR;
		};
		04ADBEBF16B5DAF9005C1E11 /* RestKit.framework */ = {
			isa = PBXReferenceProxy;
			fileType = wrapper.framework;
			path = RestKit.framework;
			remoteRef = 04ADBEBE16B5DAF9005C1E11 /* PBXContainerItemProxy */;
			sourceTree = BUILT_PRODUCTS_DIR;
		};
		04ADBEC116B5DAF9005C1E11 /* RestKitFrameworkTests.octest */ = {
			isa = PBXReferenceProxy;
			fileType = wrapper.cfbundle;
			path = RestKitFrameworkTests.octest;
			remoteRef = 04ADBEC016B5DAF9005C1E11 /* PBXContainerItemProxy */;
			sourceTree = BUILT_PRODUCTS_DIR;
		};
		04ADBEC316B5DAF9005C1E11 /* RestKitResources.bundle */ = {
			isa = PBXReferenceProxy;
			fileType = wrapper.cfbundle;
			path = RestKitResources.bundle;
			remoteRef = 04ADBEC216B5DAF9005C1E11 /* PBXContainerItemProxy */;
			sourceTree = BUILT_PRODUCTS_DIR;
		};
		6BC36D90169EBB6300C0DBAB /* libZXingWidget.a */ = {
			isa = PBXReferenceProxy;
			fileType = archive.ar;
			path = libZXingWidget.a;
			remoteRef = 6BC36D8F169EBB6300C0DBAB /* PBXContainerItemProxy */;
			sourceTree = BUILT_PRODUCTS_DIR;
		};
		6BC36D92169EBB6300C0DBAB /* ZXingTests.octest */ = {
			isa = PBXReferenceProxy;
			fileType = wrapper.cfbundle;
			path = ZXingTests.octest;
			remoteRef = 6BC36D91169EBB6300C0DBAB /* PBXContainerItemProxy */;
			sourceTree = BUILT_PRODUCTS_DIR;
		};
/* End PBXReferenceProxy section */

/* Begin PBXResourcesBuildPhase section */
		04CB408C16E287120066F946 /* Resources */ = {
			isa = PBXResourcesBuildPhase;
			buildActionMask = 2147483647;
			files = (
				04CB409916E287120066F946 /* InfoPlist.strings in Resources */,
			);
			runOnlyForDeploymentPostprocessing = 0;
		};
		6BC36D2D169EB51B00C0DBAB /* Resources */ = {
			isa = PBXResourcesBuildPhase;
			buildActionMask = 2147483647;
			files = (
				6BC36D3E169EB51B00C0DBAB /* InfoPlist.strings in Resources */,
				6BC36D46169EB51B00C0DBAB /* Default.png in Resources */,
				6BC36D48169EB51B00C0DBAB /* Default@2x.png in Resources */,
				6BC36D4A169EB51B00C0DBAB /* Default-568h@2x.png in Resources */,
				0431B55916ADFFB200DE73E6 /* STSensorConfig.plist in Resources */,
				0431B57116AE0D3600DE73E6 /* 32-iphone.png in Resources */,
				0431B57216AE0D3600DE73E6 /* searchBarBG.png in Resources */,
				0431B57316AE0D3600DE73E6 /* searchBarIcon.png in Resources */,
				0431B57416AE0D3600DE73E6 /* searchBarIcon@2x.png in Resources */,
				0431B57516AE0D3600DE73E6 /* searchTextBG.png in Resources */,
				047963DF16B1167800DC4E85 /* Icon.png in Resources */,
				047963E116B1183600DC4E85 /* Icon@2x.png in Resources */,
				044EF67116B371660099A862 /* 37x-Checkmark.png in Resources */,
			);
			runOnlyForDeploymentPostprocessing = 0;
		};
/* End PBXResourcesBuildPhase section */

/* Begin PBXShellScriptBuildPhase section */
		04CB408D16E287120066F946 /* ShellScript */ = {
			isa = PBXShellScriptBuildPhase;
			buildActionMask = 2147483647;
			files = (
			);
			inputPaths = (
			);
			outputPaths = (
			);
			runOnlyForDeploymentPostprocessing = 0;
			shellPath = /bin/sh;
			shellScript = "# Run the unit tests in this test bundle.\n\"${SYSTEM_DEVELOPER_DIR}/Tools/RunUnitTests\"\n";
		};
/* End PBXShellScriptBuildPhase section */

/* Begin PBXSourcesBuildPhase section */
		04CB408A16E287120066F946 /* Sources */ = {
			isa = PBXSourcesBuildPhase;
			buildActionMask = 2147483647;
			files = (
				04AFE00116ED42E200826D54 /* STCSensorFactory.m in Sources */,
				04AFE00016ED41E500826D54 /* SensorContainerTests.mm in Sources */,
			);
			runOnlyForDeploymentPostprocessing = 0;
		};
		6BC36D2B169EB51B00C0DBAB /* Sources */ = {
			isa = PBXSourcesBuildPhase;
			buildActionMask = 2147483647;
			files = (
				6BC36D40169EB51B00C0DBAB /* main.mm in Sources */,
				6BC36D44169EB51B00C0DBAB /* SCAppDelegate.m in Sources */,
				0431B54C16ADFF9700DE73E6 /* CameraSensor.m in Sources */,
				0431B55116ADFF9700DE73E6 /* QRCodeSensor.mm in Sources */,
				0431B55216ADFF9700DE73E6 /* STError.m in Sources */,
				0431B55316ADFF9700DE73E6 /* STSensor.m in Sources */,
				0431B55416ADFF9700DE73E6 /* STCSensorFactory.m in Sources */,
				0431B55516ADFF9700DE73E6 /* STCSensorConfig.m in Sources */,
				0431B55616ADFF9700DE73E6 /* STCSensorCallModel.m in Sources */,
				0431B55716ADFF9700DE73E6 /* STCSensorCallParser.m in Sources */,
				0431B56516AE022400DE73E6 /* GHMenuCell.m in Sources */,
				0431B56616AE022400DE73E6 /* GHMenuViewController.m in Sources */,
				0431B56716AE022400DE73E6 /* GHRevealViewController.m in Sources */,
				04F8D41616B0E00B006560CA /* AccelerometerSensor.m in Sources */,
				044EF66F16B367F80099A862 /* MBProgressHUD.m in Sources */,
				04ADBED516B5DE2C005C1E11 /* STThing.m in Sources */,
				04ADBED716B5E61C005C1E11 /* SCRootViewController.mm in Sources */,
				04AE8D7416DC6939002909AD /* MicrophoneSensor.m in Sources */,
				046F821716DEC7980030D813 /* SCSettingViewController.m in Sources */,
				04E23E0F16E3008D002D50AD /* wav_to_flac.c in Sources */,
				04483A3E16E7F5D100B0EFBF /* MBProgressHUD+Utility.m in Sources */,
				04CF774416EA61C30015B8AD /* SCQRViewController.mm in Sources */,
			);
			runOnlyForDeploymentPostprocessing = 0;
		};
/* End PBXSourcesBuildPhase section */

/* Begin PBXTargetDependency section */
		04ADBEC516B5DBED005C1E11 /* PBXTargetDependency */ = {
			isa = PBXTargetDependency;
			name = RestKit;
			targetProxy = 04ADBEC416B5DBED005C1E11 /* PBXContainerItemProxy */;
		};
		04E23D4B16E298C1002D50AD /* PBXTargetDependency */ = {
			isa = PBXTargetDependency;
			target = 6BC36D2E169EB51B00C0DBAB /* SensorContainer */;
			targetProxy = 04E23D4A16E298C1002D50AD /* PBXContainerItemProxy */;
		};
		6BC36D94169EBB7B00C0DBAB /* PBXTargetDependency */ = {
			isa = PBXTargetDependency;
			name = ZXingWidget;
			targetProxy = 6BC36D93169EBB7B00C0DBAB /* PBXContainerItemProxy */;
		};
/* End PBXTargetDependency section */

/* Begin PBXVariantGroup section */
		04CB409716E287120066F946 /* InfoPlist.strings */ = {
			isa = PBXVariantGroup;
			children = (
				04CB409816E287120066F946 /* en */,
			);
			name = InfoPlist.strings;
			sourceTree = "<group>";
		};
		6BC36D3C169EB51B00C0DBAB /* InfoPlist.strings */ = {
			isa = PBXVariantGroup;
			children = (
				6BC36D3D169EB51B00C0DBAB /* en */,
			);
			name = InfoPlist.strings;
			sourceTree = "<group>";
		};
/* End PBXVariantGroup section */

/* Begin XCBuildConfiguration section */
		04CB409E16E287120066F946 /* Debug */ = {
			isa = XCBuildConfiguration;
			buildSettings = {
				BUNDLE_LOADER = "$(BUILT_PRODUCTS_DIR)/SensorContainer.app/SensorContainer";
				CLANG_CXX_LANGUAGE_STANDARD = "gnu++0x";
				CLANG_CXX_LIBRARY = "libc++";
				CLANG_WARN_CONSTANT_CONVERSION = YES;
				CLANG_WARN_ENUM_CONVERSION = YES;
				CLANG_WARN_INT_CONVERSION = YES;
				FRAMEWORK_SEARCH_PATHS = (
					"\"$(SRCROOT)\"",
					"\"$(SDKROOT)/Developer/Library/Frameworks\"",
					"\"$(DEVELOPER_LIBRARY_DIR)/Frameworks\"",
				);
				GCC_PRECOMPILE_PREFIX_HEADER = YES;
				GCC_PREFIX_HEADER = "SensorContainerTests/SensorContainerTests-Prefix.pch";
				HEADER_SEARCH_PATHS = (
					"\"$(BUILT_PRODUCTS_DIR)/../../Headers\"",
					"zxing/iphone/ZXingWidget/Classes/**",
					zxing/cpp/core/src/,
				);
				INFOPLIST_FILE = "SensorContainerTests/SensorContainerTests-Info.plist";
				IPHONEOS_DEPLOYMENT_TARGET = 6.1;
				MACH_O_TYPE = mh_bundle;
				OTHER_LDFLAGS = (
					"-ObjC",
					"-all_load",
				);
				PRODUCT_NAME = "$(TARGET_NAME)";
				TEST_HOST = "$(BUNDLE_LOADER)";
				WRAPPER_EXTENSION = octest;
			};
			name = Debug;
		};
		04CB409F16E287120066F946 /* Release */ = {
			isa = XCBuildConfiguration;
			buildSettings = {
				BUNDLE_LOADER = "$(BUILT_PRODUCTS_DIR)/SensorContainer.app/SensorContainer";
				CLANG_CXX_LANGUAGE_STANDARD = "gnu++0x";
				CLANG_CXX_LIBRARY = "libc++";
				CLANG_WARN_CONSTANT_CONVERSION = YES;
				CLANG_WARN_ENUM_CONVERSION = YES;
				CLANG_WARN_INT_CONVERSION = YES;
				FRAMEWORK_SEARCH_PATHS = (
					"\"$(SRCROOT)\"",
					"\"$(SDKROOT)/Developer/Library/Frameworks\"",
					"\"$(DEVELOPER_LIBRARY_DIR)/Frameworks\"",
				);
				GCC_PRECOMPILE_PREFIX_HEADER = YES;
				GCC_PREFIX_HEADER = "SensorContainerTests/SensorContainerTests-Prefix.pch";
				HEADER_SEARCH_PATHS = (
					"\"$(BUILT_PRODUCTS_DIR)/../../Headers\"",
					"zxing/iphone/ZXingWidget/Classes/**",
					zxing/cpp/core/src/,
				);
				INFOPLIST_FILE = "SensorContainerTests/SensorContainerTests-Info.plist";
				IPHONEOS_DEPLOYMENT_TARGET = 6.1;
				MACH_O_TYPE = mh_bundle;
				OTHER_LDFLAGS = (
					"-ObjC",
					"-all_load",
				);
				PRODUCT_NAME = "$(TARGET_NAME)";
				TEST_HOST = "$(BUNDLE_LOADER)";
				WRAPPER_EXTENSION = octest;
			};
			name = Release;
		};
		6BC36D5A169EB51C00C0DBAB /* Debug */ = {
			isa = XCBuildConfiguration;
			buildSettings = {
				ALWAYS_SEARCH_USER_PATHS = NO;
				CLANG_CXX_LANGUAGE_STANDARD = "compiler-default";
				CLANG_CXX_LIBRARY = "compiler-default";
				CLANG_ENABLE_OBJC_ARC = YES;
				CLANG_WARN_EMPTY_BODY = YES;
				CLANG_WARN__DUPLICATE_METHOD_MATCH = YES;
				"CODE_SIGN_IDENTITY[sdk=iphoneos*]" = "iPhone Developer";
				COPY_PHASE_STRIP = NO;
				GCC_C_LANGUAGE_STANDARD = gnu99;
				GCC_DYNAMIC_NO_PIC = NO;
				GCC_OPTIMIZATION_LEVEL = 0;
				GCC_PREPROCESSOR_DEFINITIONS = (
					"DEBUG=1",
					"$(inherited)",
				);
				GCC_SYMBOLS_PRIVATE_EXTERN = NO;
				GCC_WARN_ABOUT_RETURN_TYPE = YES;
				GCC_WARN_UNINITIALIZED_AUTOS = YES;
				GCC_WARN_UNUSED_VARIABLE = YES;
				IPHONEOS_DEPLOYMENT_TARGET = 6.0;
				ONLY_ACTIVE_ARCH = YES;
				SDKROOT = iphoneos;
				TARGETED_DEVICE_FAMILY = "1,2";
			};
			name = Debug;
		};
		6BC36D5B169EB51C00C0DBAB /* Release */ = {
			isa = XCBuildConfiguration;
			buildSettings = {
				ALWAYS_SEARCH_USER_PATHS = NO;
				CLANG_CXX_LANGUAGE_STANDARD = "compiler-default";
				CLANG_CXX_LIBRARY = "compiler-default";
				CLANG_ENABLE_OBJC_ARC = YES;
				CLANG_WARN_EMPTY_BODY = YES;
				CLANG_WARN__DUPLICATE_METHOD_MATCH = YES;
				"CODE_SIGN_IDENTITY[sdk=iphoneos*]" = "iPhone Developer";
				COPY_PHASE_STRIP = YES;
				GCC_C_LANGUAGE_STANDARD = gnu99;
				GCC_WARN_ABOUT_RETURN_TYPE = YES;
				GCC_WARN_UNINITIALIZED_AUTOS = YES;
				GCC_WARN_UNUSED_VARIABLE = YES;
				IPHONEOS_DEPLOYMENT_TARGET = 6.0;
				OTHER_CFLAGS = "-DNS_BLOCK_ASSERTIONS=1";
				SDKROOT = iphoneos;
				TARGETED_DEVICE_FAMILY = "1,2";
				VALIDATE_PRODUCT = YES;
			};
			name = Release;
		};
		6BC36D5D169EB51C00C0DBAB /* Debug */ = {
			isa = XCBuildConfiguration;
			buildSettings = {
				CODE_SIGN_IDENTITY = "iPhone Developer: Jack Wu (F5DVHSVAUU)";
				"CODE_SIGN_IDENTITY[sdk=iphoneos*]" = "iPhone Developer: Jack Wu (F5DVHSVAUU)";
				FRAMEWORK_SEARCH_PATHS = (
					"$(inherited)",
					"\"$(SRCROOT)/../../../..\"",
				);
				GCC_PRECOMPILE_PREFIX_HEADER = YES;
				GCC_PREFIX_HEADER = "SensorContainer/SensorContainer-Prefix.pch";
				GCC_SYMBOLS_PRIVATE_EXTERN = NO;
				HEADER_SEARCH_PATHS = (
					"zxing/iphone/ZXingWidget/Classes/**",
					zxing/cpp/core/src/,
					"\"$(BUILT_PRODUCTS_DIR)/../../Headers\"",
				);
				INFOPLIST_FILE = "SensorContainer/SensorContainer-Info.plist";
				LIBRARY_SEARCH_PATHS = (
					"$(inherited)",
					"\"$(SRCROOT)/../../../..\"",
				);
				OTHER_LDFLAGS = (
					"-ObjC",
					"-all_load",
				);
				PRODUCT_NAME = "$(TARGET_NAME)";
				PROVISIONING_PROFILE = "E06EFEEB-4FDB-47CA-BD6F-75D4AD8ABFB7";
				"PROVISIONING_PROFILE[sdk=iphoneos*]" = "E06EFEEB-4FDB-47CA-BD6F-75D4AD8ABFB7";
				VALID_ARCHS = "armv7 armv7s";
				WRAPPER_EXTENSION = app;
			};
			name = Debug;
		};
		6BC36D5E169EB51C00C0DBAB /* Release */ = {
			isa = XCBuildConfiguration;
			buildSettings = {
				CODE_SIGN_IDENTITY = "iPhone Developer: Jack Wu (F5DVHSVAUU)";
				"CODE_SIGN_IDENTITY[sdk=iphoneos*]" = "iPhone Developer: Jack Wu (F5DVHSVAUU)";
				FRAMEWORK_SEARCH_PATHS = (
					"$(inherited)",
					"\"$(SRCROOT)/../../../..\"",
				);
				GCC_PRECOMPILE_PREFIX_HEADER = YES;
				GCC_PREFIX_HEADER = "SensorContainer/SensorContainer-Prefix.pch";
				GCC_SYMBOLS_PRIVATE_EXTERN = NO;
				HEADER_SEARCH_PATHS = (
					"zxing/iphone/ZXingWidget/Classes/**",
					zxing/cpp/core/src/,
					"\"$(BUILT_PRODUCTS_DIR)/../../Headers\"",
				);
				INFOPLIST_FILE = "SensorContainer/SensorContainer-Info.plist";
				LIBRARY_SEARCH_PATHS = (
					"$(inherited)",
					"\"$(SRCROOT)/../../../..\"",
				);
				OTHER_LDFLAGS = (
					"-ObjC",
					"-all_load",
				);
				PRODUCT_NAME = "$(TARGET_NAME)";
				PROVISIONING_PROFILE = "E06EFEEB-4FDB-47CA-BD6F-75D4AD8ABFB7";
				"PROVISIONING_PROFILE[sdk=iphoneos*]" = "E06EFEEB-4FDB-47CA-BD6F-75D4AD8ABFB7";
				VALID_ARCHS = "armv7 armv7s";
				WRAPPER_EXTENSION = app;
			};
			name = Release;
		};
/* End XCBuildConfiguration section */

/* Begin XCConfigurationList section */
		04CB40A516E287120066F946 /* Build configuration list for PBXNativeTarget "SensorContainerTests" */ = {
			isa = XCConfigurationList;
			buildConfigurations = (
				04CB409E16E287120066F946 /* Debug */,
				04CB409F16E287120066F946 /* Release */,
			);
			defaultConfigurationIsVisible = 0;
			defaultConfigurationName = Release;
		};
		6BC36D29169EB51B00C0DBAB /* Build configuration list for PBXProject "SensorContainer" */ = {
			isa = XCConfigurationList;
			buildConfigurations = (
				6BC36D5A169EB51C00C0DBAB /* Debug */,
				6BC36D5B169EB51C00C0DBAB /* Release */,
			);
			defaultConfigurationIsVisible = 0;
			defaultConfigurationName = Release;
		};
		6BC36D5C169EB51C00C0DBAB /* Build configuration list for PBXNativeTarget "SensorContainer" */ = {
			isa = XCConfigurationList;
			buildConfigurations = (
				6BC36D5D169EB51C00C0DBAB /* Debug */,
				6BC36D5E169EB51C00C0DBAB /* Release */,
			);
			defaultConfigurationIsVisible = 0;
			defaultConfigurationName = Release;
		};
/* End XCConfigurationList section */
	};
	rootObject = 6BC36D26169EB51B00C0DBAB /* Project object */;
}
